{
  "lockfile_version": "1",
  "packages": {
    "nodejs@latest": {
      "last_modified": "2024-05-12T16:19:40Z",
      "plugin_version": "0.0.2",
      "resolved": "github:NixOS/nixpkgs/3281bec7174f679eabf584591e75979a258d8c40#nodejs_22",
      "source": "devbox-search",
      "version": "22.0.0",
      "systems": {
        "aarch64-darwin": {
          "outputs": [
            {
              "name": "out",
              "path": "/nix/store/m5qp112sg85v6kx5xkz8ka8hlhrwmflp-nodejs-22.0.0",
              "default": true
            },
            {
              "name": "libv8",
              "path": "/nix/store/rcnzrhz0dbl9yxha9babgii3lgqla8y5-nodejs-22.0.0-libv8"
            }
          ],
          "store_path": "/nix/store/m5qp112sg85v6kx5xkz8ka8hlhrwmflp-nodejs-22.0.0"
        },
        "aarch64-linux": {
          "outputs": [
            {
              "name": "out",
              "path": "/nix/store/bxx8mqn7130jn89bvcqy48k21w3mjq3n-nodejs-22.0.0",
              "default": true
            },
            {
              "name": "libv8",
              "path": "/nix/store/qlnfvz88rgfq44hmr5zja93bgx31dq0r-nodejs-22.0.0-libv8"
            }
          ],
          "store_path": "/nix/store/bxx8mqn7130jn89bvcqy48k21w3mjq3n-nodejs-22.0.0"
        },
        "x86_64-darwin": {
          "outputs": [
            {
              "name": "out",
              "path": "/nix/store/yp7cmg4vd1ajvk5v0gkrhjac9p5mpr40-nodejs-22.0.0",
              "default": true
            },
            {
              "name": "libv8",
              "path": "/nix/store/1qs77px0bv35nhiz0zci5lhzf6drwzfz-nodejs-22.0.0-libv8"
            }
          ],
          "store_path": "/nix/store/yp7cmg4vd1ajvk5v0gkrhjac9p5mpr40-nodejs-22.0.0"
        },
        "x86_64-linux": {
          "outputs": [
            {
              "name": "out",
              "path": "/nix/store/dywynyfrnsd39sl913sr5nmc5k2j22bp-nodejs-22.0.0",
              "default": true
            },
            {
              "name": "libv8",
              "path": "/nix/store/8b8dq4z74lvfqgjkvp4d8xjimvmwqdyy-nodejs-22.0.0-libv8"
            }
          ],
          "store_path": "/nix/store/dywynyfrnsd39sl913sr5nmc5k2j22bp-nodejs-22.0.0"
        }
      }
    }
  }
}
